
Microsoft Visual Studio Solution File, Format Version 12.00
# Visual Studio Version 16
VisualStudioVersion = 16.0.31702.278
MinimumVisualStudioVersion = 10.0.40219.1
Project("{FAE04EC0-301F-11D3-BF4B-00C04F79EFBC}") = "MinhasColecoes", "MinhasColecoes\MinhasColecoes.csproj", "{C08F891B-3DF0-4AFE-979A-059CE04EE45E}"
EndProject
Global
	GlobalSection(SolutionConfigurationPlatforms) = preSolution
		Debug|Any CPU = Debug|Any CPU
		Release|Any CPU = Release|Any CPU
	EndGlobalSection
	GlobalSection(ProjectConfigurationPlatforms) = postSolution
		{C08F891B-3DF0-4AFE-979A-059CE04EE45E}.Debug|Any CPU.ActiveCfg = Debug|Any CPU
		{C08F891B-3DF0-4AFE-979A-059CE04EE45E}.Debug|Any CPU.Build.0 = Debug|Any CPU
		{C08F891B-3DF0-4AFE-979A-059CE04EE45E}.Release|Any CPU.ActiveCfg = Release|Any CPU
		{C08F891B-3DF0-4AFE-979A-059CE04EE45E}.Release|Any CPU.Build.0 = Release|Any CPU
	EndGlobalSection
	GlobalSection(SolutionProperties) = preSolution
		HideSolutionNode = FALSE
	EndGlobalSection
	GlobalSection(ExtensibilityGlobals) = postSolution
		SolutionGuid = {2292013A-AE13-4C23-B9D3-7986404D2199}
	EndGlobalSection
EndGlobal
